
Microsoft Visual Studio Solution File, Format Version 12.00
# Visual Studio 15
VisualStudioVersion = 15.0.26730.10
MinimumVisualStudioVersion = 10.0.40219.1
Project("{FAE04EC0-301F-11D3-BF4B-00C04F79EFBC}") = "Airport", "Airport\Airport.csproj", "{FC9CEAFD-91FE-4D58-8DBC-62133FC62F54}"
EndProject
Global
	GlobalSection(SolutionConfigurationPlatforms) = preSolution
		Debug|Any CPU = Debug|Any CPU
		Release|Any CPU = Release|Any CPU
	EndGlobalSection
	GlobalSection(ProjectConfigurationPlatforms) = postSolution
		{FC9CEAFD-91FE-4D58-8DBC-62133FC62F54}.Debug|Any CPU.ActiveCfg = Debug|Any CPU
		{FC9CEAFD-91FE-4D58-8DBC-62133FC62F54}.Debug|Any CPU.Build.0 = Debug|Any CPU
		{FC9CEAFD-91FE-4D58-8DBC-62133FC62F54}.Release|Any CPU.ActiveCfg = Release|Any CPU
		{FC9CEAFD-91FE-4D58-8DBC-62133FC62F54}.Release|Any CPU.Build.0 = Release|Any CPU
	EndGlobalSection
	GlobalSection(SolutionProperties) = preSolution
		HideSolutionNode = FALSE
	EndGlobalSection
	GlobalSection(ExtensibilityGlobals) = postSolution
		SolutionGuid = {FECF47CF-F328-4778-AF79-D81CACBA1F5F}
	EndGlobalSection
EndGlobal
